// !$*UTF8*$!
{
	archiveVersion = 1;
	classes = {
	};
	objectVersion = 46;
	objects = {

/* Begin PBXBuildFile section */
		ABC4238E1BE3244A00703518 /* main.m in Sources */ = {isa = PBXBuildFile; fileRef = ABC4238D1BE3244A00703518 /* main.m */; };
		ABC423911BE3244A00703518 /* AppDelegate.m in Sources */ = {isa = PBXBuildFile; fileRef = ABC423901BE3244A00703518 /* AppDelegate.m */; };
		ABC423941BE3244A00703518 /* ViewController.m in Sources */ = {isa = PBXBuildFile; fileRef = ABC423931BE3244A00703518 /* ViewController.m */; };
		ABC423971BE3244A00703518 /* Main.storyboard in Resources */ = {isa = PBXBuildFile; fileRef = ABC423951BE3244A00703518 /* Main.storyboard */; };
		ABC423991BE3244A00703518 /* Assets.xcassets in Resources */ = {isa = PBXBuildFile; fileRef = ABC423981BE3244A00703518 /* Assets.xcassets */; };
		ABC4239C1BE3244A00703518 /* LaunchScreen.storyboard in Resources */ = {isa = PBXBuildFile; fileRef = ABC4239A1BE3244A00703518 /* LaunchScreen.storyboard */; };
		ABC423A61BE324E800703518 /* WebP.framework in Frameworks */ = {isa = PBXBuildFile; fileRef = ABC423A51BE324E800703518 /* WebP.framework */; };
		ABC423D01BE324F000703518 /* YYCache.m in Sources */ = {isa = PBXBuildFile; fileRef = ABC423AA1BE324F000703518 /* YYCache.m */; };
		ABC423D11BE324F000703518 /* YYDiskCache.m in Sources */ = {isa = PBXBuildFile; fileRef = ABC423AC1BE324F000703518 /* YYDiskCache.m */; };
		ABC423D21BE324F000703518 /* YYKVStorage.m in Sources */ = {isa = PBXBuildFile; fileRef = ABC423AE1BE324F000703518 /* YYKVStorage.m */; };
		ABC423D31BE324F000703518 /* YYMemoryCache.m in Sources */ = {isa = PBXBuildFile; fileRef = ABC423B01BE324F000703518 /* YYMemoryCache.m */; };
		ABC423D41BE324F000703518 /* _YYWebImageSetter.m in Sources */ = {isa = PBXBuildFile; fileRef = ABC423B31BE324F000703518 /* _YYWebImageSetter.m */; };
		ABC423D51BE324F000703518 /* CALayer+YYWebImage.m in Sources */ = {isa = PBXBuildFile; fileRef = ABC423B51BE324F000703518 /* CALayer+YYWebImage.m */; };
		ABC423D61BE324F000703518 /* MKAnnotationView+YYWebImage.m in Sources */ = {isa = PBXBuildFile; fileRef = ABC423B71BE324F000703518 /* MKAnnotationView+YYWebImage.m */; };
		ABC423D71BE324F000703518 /* UIButton+YYWebImage.m in Sources */ = {isa = PBXBuildFile; fileRef = ABC423B91BE324F000703518 /* UIButton+YYWebImage.m */; };
		ABC423D81BE324F000703518 /* UIImage+YYWebImage.m in Sources */ = {isa = PBXBuildFile; fileRef = ABC423BB1BE324F000703518 /* UIImage+YYWebImage.m */; };
		ABC423D91BE324F000703518 /* UIImageView+YYWebImage.m in Sources */ = {isa = PBXBuildFile; fileRef = ABC423BD1BE324F000703518 /* UIImageView+YYWebImage.m */; };
		ABC423DA1BE324F000703518 /* YYAnimatedImageView.m in Sources */ = {isa = PBXBuildFile; fileRef = ABC423C01BE324F000703518 /* YYAnimatedImageView.m */; };
		ABC423DB1BE324F000703518 /* YYFrameImage.m in Sources */ = {isa = PBXBuildFile; fileRef = ABC423C21BE324F000703518 /* YYFrameImage.m */; };
		ABC423DC1BE324F000703518 /* YYImage.m in Sources */ = {isa = PBXBuildFile; fileRef = ABC423C41BE324F000703518 /* YYImage.m */; };
		ABC423DD1BE324F000703518 /* YYImageCoder.m in Sources */ = {isa = PBXBuildFile; fileRef = ABC423C61BE324F000703518 /* YYImageCoder.m */; };
		ABC423DE1BE324F000703518 /* YYSpriteSheetImage.m in Sources */ = {isa = PBXBuildFile; fileRef = ABC423C81BE324F000703518 /* YYSpriteSheetImage.m */; };
		ABC423DF1BE324F000703518 /* YYImageCache.m in Sources */ = {isa = PBXBuildFile; fileRef = ABC423CA1BE324F000703518 /* YYImageCache.m */; };
		ABC423E01BE324F000703518 /* YYWebImageManager.m in Sources */ = {isa = PBXBuildFile; fileRef = ABC423CD1BE324F000703518 /* YYWebImageManager.m */; };
		ABC423E11BE324F000703518 /* YYWebImageOperation.m in Sources */ = {isa = PBXBuildFile; fileRef = ABC423CF1BE324F000703518 /* YYWebImageOperation.m */; };
		ABC423E51BE3252800703518 /* libsqlite3.tbd in Frameworks */ = {isa = PBXBuildFile; fileRef = ABC423E41BE3252800703518 /* libsqlite3.tbd */; };
		ABC423E71BE3252D00703518 /* libz.tbd in Frameworks */ = {isa = PBXBuildFile; fileRef = ABC423E61BE3252D00703518 /* libz.tbd */; };
		ABC423E91BE3253300703518 /* MobileCoreServices.framework in Frameworks */ = {isa = PBXBuildFile; fileRef = ABC423E81BE3253300703518 /* MobileCoreServices.framework */; };
		ABC423EB1BE3253800703518 /* AssetsLibrary.framework in Frameworks */ = {isa = PBXBuildFile; fileRef = ABC423EA1BE3253800703518 /* AssetsLibrary.framework */; };
		ABC423ED1BE3253D00703518 /* QuartzCore.framework in Frameworks */ = {isa = PBXBuildFile; fileRef = ABC423EC1BE3253D00703518 /* QuartzCore.framework */; };
		ABC423EF1BE3254400703518 /* ImageIO.framework in Frameworks */ = {isa = PBXBuildFile; fileRef = ABC423EE1BE3254400703518 /* ImageIO.framework */; };
		ABC423F11BE3254C00703518 /* CoreFoundation.framework in Frameworks */ = {isa = PBXBuildFile; fileRef = ABC423F01BE3254C00703518 /* CoreFoundation.framework */; };
		ABC423F21BE3255200703518 /* UIKit.framework in Frameworks */ = {isa = PBXBuildFile; fileRef = ABC423E21BE3251C00703518 /* UIKit.framework */; };
		ABC424011BE325EF00703518 /* YYImageExample.m in Sources */ = {isa = PBXBuildFile; fileRef = ABC423F41BE325EF00703518 /* YYImageExample.m */; };
		ABC424021BE325EF00703518 /* YYImageDisplayExample.m in Sources */ = {isa = PBXBuildFile; fileRef = ABC423F61BE325EF00703518 /* YYImageDisplayExample.m */; };
		ABC424031BE325EF00703518 /* YYImageProgressiveExample.m in Sources */ = {isa = PBXBuildFile; fileRef = ABC423F81BE325EF00703518 /* YYImageProgressiveExample.m */; };
		ABC424041BE325EF00703518 /* YYWebImageExample.m in Sources */ = {isa = PBXBuildFile; fileRef = ABC423FA1BE325EF00703518 /* YYWebImageExample.m */; };
		ABC424061BE325EF00703518 /* YYImageExampleHelper.m in Sources */ = {isa = PBXBuildFile; fileRef = ABC423FE1BE325EF00703518 /* YYImageExampleHelper.m */; };
		ABC424181BE3265500703518 /* ResourceTwitter.bundle in Resources */ = {isa = PBXBuildFile; fileRef = ABC4240A1BE3265500703518 /* ResourceTwitter.bundle */; };
		ABC424191BE3265500703518 /* EmoticonWeibo.bundle in Resources */ = {isa = PBXBuildFile; fileRef = ABC4240B1BE3265500703518 /* EmoticonWeibo.bundle */; };
		ABC4241A1BE3265500703518 /* niconiconi@2x.gif in Resources */ = {isa = PBXBuildFile; fileRef = ABC4240C1BE3265500703518 /* niconiconi@2x.gif */; };
		ABC4241B1BE3265500703518 /* google@2x.webp in Resources */ = {isa = PBXBuildFile; fileRef = ABC4240D1BE3265500703518 /* google@2x.webp */; };
		ABC4241C1BE3265500703518 /* nyancat@2x.webp in Resources */ = {isa = PBXBuildFile; fileRef = ABC4240E1BE3265500703518 /* nyancat@2x.webp */; };
		ABC4241D1BE3265500703518 /* pia@2x.png in Resources */ = {isa = PBXBuildFile; fileRef = ABC4240F1BE3265500703518 /* pia@2x.png */; };
		ABC4241E1BE3265500703518 /* cube@2x.png in Resources */ = {isa = PBXBuildFile; fileRef = ABC424101BE3265500703518 /* cube@2x.png */; };
		ABC4241F1BE3265500703518 /* wall-e@2x.webp in Resources */ = {isa = PBXBuildFile; fileRef = ABC424111BE3265500703518 /* wall-e@2x.webp */; };
		ABC424201BE3265500703518 /* mew_baseline.jpg in Resources */ = {isa = PBXBuildFile; fileRef = ABC424121BE3265500703518 /* mew_baseline.jpg */; };
		ABC424211BE3265500703518 /* mew_progressive.jpg in Resources */ = {isa = PBXBuildFile; fileRef = ABC424131BE3265500703518 /* mew_progressive.jpg */; };
		ABC424221BE3265500703518 /* mew_baseline.png in Resources */ = {isa = PBXBuildFile; fileRef = ABC424141BE3265500703518 /* mew_baseline.png */; };
		ABC424231BE3265500703518 /* mew_interlaced.png in Resources */ = {isa = PBXBuildFile; fileRef = ABC424151BE3265500703518 /* mew_interlaced.png */; };
		ABC424241BE3265500703518 /* mew_baseline.gif in Resources */ = {isa = PBXBuildFile; fileRef = ABC424161BE3265500703518 /* mew_baseline.gif */; };
		ABC424251BE3265500703518 /* mew_interlaced.gif in Resources */ = {isa = PBXBuildFile; fileRef = ABC424171BE3265500703518 /* mew_interlaced.gif */; };
		ABC4242C1BE3268800703518 /* UIView+YYAdd.m in Sources */ = {isa = PBXBuildFile; fileRef = ABC424271BE3268800703518 /* UIView+YYAdd.m */; };
		ABC4242D1BE3268800703518 /* UIControl+YYAdd.m in Sources */ = {isa = PBXBuildFile; fileRef = ABC424291BE3268800703518 /* UIControl+YYAdd.m */; };
		ABC4242E1BE3268800703518 /* UIGestureRecognizer+YYAdd.m in Sources */ = {isa = PBXBuildFile; fileRef = ABC4242B1BE3268800703518 /* UIGestureRecognizer+YYAdd.m */; };
		ABC424311BE3284000703518 /* CALayer+YYAdd.m in Sources */ = {isa = PBXBuildFile; fileRef = ABC424301BE3284000703518 /* CALayer+YYAdd.m */; };
/* End PBXBuildFile section */

/* Begin PBXFileReference section */
		ABC423891BE3244A00703518 /* YYWebImageDemo.app */ = {isa = PBXFileReference; explicitFileType = wrapper.application; includeInIndex = 0; path = YYWebImageDemo.app; sourceTree = BUILT_PRODUCTS_DIR; };
		ABC4238D1BE3244A00703518 /* main.m */ = {isa = PBXFileReference; lastKnownFileType = sourcecode.c.objc; path = main.m; sourceTree = "<group>"; };
		ABC4238F1BE3244A00703518 /* AppDelegate.h */ = {isa = PBXFileReference; lastKnownFileType = sourcecode.c.h; path = AppDelegate.h; sourceTree = "<group>"; };
		ABC423901BE3244A00703518 /* AppDelegate.m */ = {isa = PBXFileReference; lastKnownFileType = sourcecode.c.objc; path = AppDelegate.m; sourceTree = "<group>"; };
		ABC423921BE3244A00703518 /* ViewController.h */ = {isa = PBXFileReference; lastKnownFileType = sourcecode.c.h; path = ViewController.h; sourceTree = "<group>"; };
		ABC423931BE3244A00703518 /* ViewController.m */ = {isa = PBXFileReference; lastKnownFileType = sourcecode.c.objc; path = ViewController.m; sourceTree = "<group>"; };
		ABC423961BE3244A00703518 /* Base */ = {isa = PBXFileReference; lastKnownFileType = file.storyboard; name = Base; path = Base.lproj/Main.storyboard; sourceTree = "<group>"; };
		ABC423981BE3244A00703518 /* Assets.xcassets */ = {isa = PBXFileReference; lastKnownFileType = folder.assetcatalog; path = Assets.xcassets; sourceTree = "<group>"; };
		ABC4239B1BE3244A00703518 /* Base */ = {isa = PBXFileReference; lastKnownFileType = file.storyboard; name = Base; path = Base.lproj/LaunchScreen.storyboard; sourceTree = "<group>"; };
		ABC4239D1BE3244A00703518 /* Info.plist */ = {isa = PBXFileReference; lastKnownFileType = text.plist.xml; path = Info.plist; sourceTree = "<group>"; };
		ABC423A51BE324E800703518 /* WebP.framework */ = {isa = PBXFileReference; lastKnownFileType = wrapper.framework; name = WebP.framework; path = ../Vendor/WebP.framework; sourceTree = "<group>"; };
		ABC423A91BE324F000703518 /* YYCache.h */ = {isa = PBXFileReference; fileEncoding = 4; lastKnownFileType = sourcecode.c.h; path = YYCache.h; sourceTree = "<group>"; };
		ABC423AA1BE324F000703518 /* YYCache.m */ = {isa = PBXFileReference; fileEncoding = 4; lastKnownFileType = sourcecode.c.objc; path = YYCache.m; sourceTree = "<group>"; };
		ABC423AB1BE324F000703518 /* YYDiskCache.h */ = {isa = PBXFileReference; fileEncoding = 4; lastKnownFileType = sourcecode.c.h; path = YYDiskCache.h; sourceTree = "<group>"; };
		ABC423AC1BE324F000703518 /* YYDiskCache.m */ = {isa = PBXFileReference; fileEncoding = 4; lastKnownFileType = sourcecode.c.objc; path = YYDiskCache.m; sourceTree = "<group>"; };
		ABC423AD1BE324F000703518 /* YYKVStorage.h */ = {isa = PBXFileReference; fileEncoding = 4; lastKnownFileType = sourcecode.c.h; path = YYKVStorage.h; sourceTree = "<group>"; };
		ABC423AE1BE324F000703518 /* YYKVStorage.m */ = {isa = PBXFileReference; fileEncoding = 4; lastKnownFileType = sourcecode.c.objc; path = YYKVStorage.m; sourceTree = "<group>"; };
		ABC423AF1BE324F000703518 /* YYMemoryCache.h */ = {isa = PBXFileReference; fileEncoding = 4; lastKnownFileType = sourcecode.c.h; path = YYMemoryCache.h; sourceTree = "<group>"; };
		ABC423B01BE324F000703518 /* YYMemoryCache.m */ = {isa = PBXFileReference; fileEncoding = 4; lastKnownFileType = sourcecode.c.objc; path = YYMemoryCache.m; sourceTree = "<group>"; };
		ABC423B21BE324F000703518 /* _YYWebImageSetter.h */ = {isa = PBXFileReference; fileEncoding = 4; lastKnownFileType = sourcecode.c.h; path = _YYWebImageSetter.h; sourceTree = "<group>"; };
		ABC423B31BE324F000703518 /* _YYWebImageSetter.m */ = {isa = PBXFileReference; fileEncoding = 4; lastKnownFileType = sourcecode.c.objc; path = _YYWebImageSetter.m; sourceTree = "<group>"; };
		ABC423B41BE324F000703518 /* CALayer+YYWebImage.h */ = {isa = PBXFileReference; fileEncoding = 4; lastKnownFileType = sourcecode.c.h; path = "CALayer+YYWebImage.h"; sourceTree = "<group>"; };
		ABC423B51BE324F000703518 /* CALayer+YYWebImage.m */ = {isa = PBXFileReference; fileEncoding = 4; lastKnownFileType = sourcecode.c.objc; path = "CALayer+YYWebImage.m"; sourceTree = "<group>"; };
		ABC423B61BE324F000703518 /* MKAnnotationView+YYWebImage.h */ = {isa = PBXFileReference; fileEncoding = 4; lastKnownFileType = sourcecode.c.h; path = "MKAnnotationView+YYWebImage.h"; sourceTree = "<group>"; };
		ABC423B71BE324F000703518 /* MKAnnotationView+YYWebImage.m */ = {isa = PBXFileReference; fileEncoding = 4; lastKnownFileType = sourcecode.c.objc; path = "MKAnnotationView+YYWebImage.m"; sourceTree = "<group>"; };
		ABC423B81BE324F000703518 /* UIButton+YYWebImage.h */ = {isa = PBXFileReference; fileEncoding = 4; lastKnownFileType = sourcecode.c.h; path = "UIButton+YYWebImage.h"; sourceTree = "<group>"; };
		ABC423B91BE324F000703518 /* UIButton+YYWebImage.m */ = {isa = PBXFileReference; fileEncoding = 4; lastKnownFileType = sourcecode.c.objc; path = "UIButton+YYWebImage.m"; sourceTree = "<group>"; };
		ABC423BA1BE324F000703518 /* UIImage+YYWebImage.h */ = {isa = PBXFileReference; fileEncoding = 4; lastKnownFileType = sourcecode.c.h; path = "UIImage+YYWebImage.h"; sourceTree = "<group>"; };
		ABC423BB1BE324F000703518 /* UIImage+YYWebImage.m */ = {isa = PBXFileReference; fileEncoding = 4; lastKnownFileType = sourcecode.c.objc; path = "UIImage+YYWebImage.m"; sourceTree = "<group>"; };
		ABC423BC1BE324F000703518 /* UIImageView+YYWebImage.h */ = {isa = PBXFileReference; fileEncoding = 4; lastKnownFileType = sourcecode.c.h; path = "UIImageView+YYWebImage.h"; sourceTree = "<group>"; };
		ABC423BD1BE324F000703518 /* UIImageView+YYWebImage.m */ = {isa = PBXFileReference; fileEncoding = 4; lastKnownFileType = sourcecode.c.objc; path = "UIImageView+YYWebImage.m"; sourceTree = "<group>"; };
		ABC423BF1BE324F000703518 /* YYAnimatedImageView.h */ = {isa = PBXFileReference; fileEncoding = 4; lastKnownFileType = sourcecode.c.h; path = YYAnimatedImageView.h; sourceTree = "<group>"; };
		ABC423C01BE324F000703518 /* YYAnimatedImageView.m */ = {isa = PBXFileReference; fileEncoding = 4; lastKnownFileType = sourcecode.c.objc; path = YYAnimatedImageView.m; sourceTree = "<group>"; };
		ABC423C11BE324F000703518 /* YYFrameImage.h */ = {isa = PBXFileReference; fileEncoding = 4; lastKnownFileType = sourcecode.c.h; path = YYFrameImage.h; sourceTree = "<group>"; };
		ABC423C21BE324F000703518 /* YYFrameImage.m */ = {isa = PBXFileReference; fileEncoding = 4; lastKnownFileType = sourcecode.c.objc; path = YYFrameImage.m; sourceTree = "<group>"; };
		ABC423C31BE324F000703518 /* YYImage.h */ = {isa = PBXFileReference; fileEncoding = 4; lastKnownFileType = sourcecode.c.h; path = YYImage.h; sourceTree = "<group>"; };
		ABC423C41BE324F000703518 /* YYImage.m */ = {isa = PBXFileReference; fileEncoding = 4; lastKnownFileType = sourcecode.c.objc; path = YYImage.m; sourceTree = "<group>"; };
		ABC423C51BE324F000703518 /* YYImageCoder.h */ = {isa = PBXFileReference; fileEncoding = 4; lastKnownFileType = sourcecode.c.h; path = YYImageCoder.h; sourceTree = "<group>"; };
		ABC423C61BE324F000703518 /* YYImageCoder.m */ = {isa = PBXFileReference; fileEncoding = 4; lastKnownFileType = sourcecode.c.objc; path = YYImageCoder.m; sourceTree = "<group>"; };
		ABC423C71BE324F000703518 /* YYSpriteSheetImage.h */ = {isa = PBXFileReference; fileEncoding = 4; lastKnownFileType = sourcecode.c.h; path = YYSpriteSheetImage.h; sourceTree = "<group>"; };
		ABC423C81BE324F000703518 /* YYSpriteSheetImage.m */ = {isa = PBXFileReference; fileEncoding = 4; lastKnownFileType = sourcecode.c.objc; path = YYSpriteSheetImage.m; sourceTree = "<group>"; };
		ABC423C91BE324F000703518 /* YYImageCache.h */ = {isa = PBXFileReference; fileEncoding = 4; lastKnownFileType = sourcecode.c.h; path = YYImageCache.h; sourceTree = "<group>"; };
		ABC423CA1BE324F000703518 /* YYImageCache.m */ = {isa = PBXFileReference; fileEncoding = 4; lastKnownFileType = sourcecode.c.objc; path = YYImageCache.m; sourceTree = "<group>"; };
		ABC423CB1BE324F000703518 /* YYWebImage.h */ = {isa = PBXFileReference; fileEncoding = 4; lastKnownFileType = sourcecode.c.h; path = YYWebImage.h; sourceTree = "<group>"; };
		ABC423CC1BE324F000703518 /* YYWebImageManager.h */ = {isa = PBXFileReference; fileEncoding = 4; lastKnownFileType = sourcecode.c.h; path = YYWebImageManager.h; sourceTree = "<group>"; };
		ABC423CD1BE324F000703518 /* YYWebImageManager.m */ = {isa = PBXFileReference; fileEncoding = 4; lastKnownFileType = sourcecode.c.objc; path = YYWebImageManager.m; sourceTree = "<group>"; };
		ABC423CE1BE324F000703518 /* YYWebImageOperation.h */ = {isa = PBXFileReference; fileEncoding = 4; lastKnownFileType = sourcecode.c.h; path = YYWebImageOperation.h; sourceTree = "<group>"; };
		ABC423CF1BE324F000703518 /* YYWebImageOperation.m */ = {isa = PBXFileReference; fileEncoding = 4; lastKnownFileType = sourcecode.c.objc; path = YYWebImageOperation.m; sourceTree = "<group>"; };
		ABC423E21BE3251C00703518 /* UIKit.framework */ = {isa = PBXFileReference; lastKnownFileType = wrapper.framework; name = UIKit.framework; path = System/Library/Frameworks/UIKit.framework; sourceTree = SDKROOT; };
		ABC423E41BE3252800703518 /* libsqlite3.tbd */ = {isa = PBXFileReference; lastKnownFileType = "sourcecode.text-based-dylib-definition"; name = libsqlite3.tbd; path = usr/lib/libsqlite3.tbd; sourceTree = SDKROOT; };
		ABC423E61BE3252D00703518 /* libz.tbd */ = {isa = PBXFileReference; lastKnownFileType = "sourcecode.text-based-dylib-definition"; name = libz.tbd; path = usr/lib/libz.tbd; sourceTree = SDKROOT; };
		ABC423E81BE3253300703518 /* MobileCoreServices.framework */ = {isa = PBXFileReference; lastKnownFileType = wrapper.framework; name = MobileCoreServices.framework; path = System/Library/Frameworks/MobileCoreServices.framework; sourceTree = SDKROOT; };
		ABC423EA1BE3253800703518 /* AssetsLibrary.framework */ = {isa = PBXFileReference; lastKnownFileType = wrapper.framework; name = AssetsLibrary.framework; path = System/Library/Frameworks/AssetsLibrary.framework; sourceTree = SDKROOT; };
		ABC423EC1BE3253D00703518 /* QuartzCore.framework */ = {isa = PBXFileReference; lastKnownFileType = wrapper.framework; name = QuartzCore.framework; path = System/Library/Frameworks/QuartzCore.framework; sourceTree = SDKROOT; };
		ABC423EE1BE3254400703518 /* ImageIO.framework */ = {isa = PBXFileReference; lastKnownFileType = wrapper.framework; name = ImageIO.framework; path = System/Library/Frameworks/ImageIO.framework; sourceTree = SDKROOT; };
		ABC423F01BE3254C00703518 /* CoreFoundation.framework */ = {isa = PBXFileReference; lastKnownFileType = wrapper.framework; name = CoreFoundation.framework; path = System/Library/Frameworks/CoreFoundation.framework; sourceTree = SDKROOT; };
		ABC423F31BE325EF00703518 /* YYImageExample.h */ = {isa = PBXFileReference; fileEncoding = 4; lastKnownFileType = sourcecode.c.h; path = YYImageExample.h; sourceTree = "<group>"; };
		ABC423F41BE325EF00703518 /* YYImageExample.m */ = {isa = PBXFileReference; fileEncoding = 4; lastKnownFileType = sourcecode.c.objc; path = YYImageExample.m; sourceTree = "<group>"; };
		ABC423F51BE325EF00703518 /* YYImageDisplayExample.h */ = {isa = PBXFileReference; fileEncoding = 4; lastKnownFileType = sourcecode.c.h; path = YYImageDisplayExample.h; sourceTree = "<group>"; };
		ABC423F61BE325EF00703518 /* YYImageDisplayExample.m */ = {isa = PBXFileReference; fileEncoding = 4; lastKnownFileType = sourcecode.c.objc; path = YYImageDisplayExample.m; sourceTree = "<group>"; };
		ABC423F71BE325EF00703518 /* YYImageProgressiveExample.h */ = {isa = PBXFileReference; fileEncoding = 4; lastKnownFileType = sourcecode.c.h; path = YYImageProgressiveExample.h; sourceTree = "<group>"; };
		ABC423F81BE325EF00703518 /* YYImageProgressiveExample.m */ = {isa = PBXFileReference; fileEncoding = 4; lastKnownFileType = sourcecode.c.objc; path = YYImageProgressiveExample.m; sourceTree = "<group>"; };
		ABC423F91BE325EF00703518 /* YYWebImageExample.h */ = {isa = PBXFileReference; fileEncoding = 4; lastKnownFileType = sourcecode.c.h; path = YYWebImageExample.h; sourceTree = "<group>"; };
		ABC423FA1BE325EF00703518 /* YYWebImageExample.m */ = {isa = PBXFileReference; fileEncoding = 4; lastKnownFileType = sourcecode.c.objc; path = YYWebImageExample.m; sourceTree = "<group>"; };
		ABC423FB1BE325EF00703518 /* YYImageBenchmark.h */ = {isa = PBXFileReference; fileEncoding = 4; lastKnownFileType = sourcecode.c.h; path = YYImageBenchmark.h; sourceTree = "<group>"; };
		ABC423FC1BE325EF00703518 /* YYImageBenchmark.m */ = {isa = PBXFileReference; fileEncoding = 4; lastKnownFileType = sourcecode.c.objc; path = YYImageBenchmark.m; sourceTree = "<group>"; };
		ABC423FD1BE325EF00703518 /* YYImageExampleHelper.h */ = {isa = PBXFileReference; fileEncoding = 4; lastKnownFileType = sourcecode.c.h; path = YYImageExampleHelper.h; sourceTree = "<group>"; };
		ABC423FE1BE325EF00703518 /* YYImageExampleHelper.m */ = {isa = PBXFileReference; fileEncoding = 4; lastKnownFileType = sourcecode.c.objc; path = YYImageExampleHelper.m; sourceTree = "<group>"; };
		ABC423FF1BE325EF00703518 /* YYBPGCoder.h */ = {isa = PBXFileReference; fileEncoding = 4; lastKnownFileType = sourcecode.c.h; path = YYBPGCoder.h; sourceTree = "<group>"; };
		ABC424001BE325EF00703518 /* YYBPGCoder.m */ = {isa = PBXFileReference; fileEncoding = 4; lastKnownFileType = sourcecode.c.objc; path = YYBPGCoder.m; sourceTree = "<group>"; };
		ABC4240A1BE3265500703518 /* ResourceTwitter.bundle */ = {isa = PBXFileReference; lastKnownFileType = "wrapper.plug-in"; path = ResourceTwitter.bundle; sourceTree = "<group>"; };
		ABC4240B1BE3265500703518 /* EmoticonWeibo.bundle */ = {isa = PBXFileReference; lastKnownFileType = "wrapper.plug-in"; path = EmoticonWeibo.bundle; sourceTree = "<group>"; };
		ABC4240C1BE3265500703518 /* niconiconi@2x.gif */ = {isa = PBXFileReference; lastKnownFileType = image.gif; path = "niconiconi@2x.gif"; sourceTree = "<group>"; };
		ABC4240D1BE3265500703518 /* google@2x.webp */ = {isa = PBXFileReference; lastKnownFileType = file; path = "google@2x.webp"; sourceTree = "<group>"; };
		ABC4240E1BE3265500703518 /* nyancat@2x.webp */ = {isa = PBXFileReference; lastKnownFileType = file; path = "nyancat@2x.webp"; sourceTree = "<group>"; };
		ABC4240F1BE3265500703518 /* pia@2x.png */ = {isa = PBXFileReference; lastKnownFileType = image.png; path = "pia@2x.png"; sourceTree = "<group>"; };
		ABC424101BE3265500703518 /* cube@2x.png */ = {isa = PBXFileReference; lastKnownFileType = image.png; path = "cube@2x.png"; sourceTree = "<group>"; };
		ABC424111BE3265500703518 /* wall-e@2x.webp */ = {isa = PBXFileReference; lastKnownFileType = file; path = "wall-e@2x.webp"; sourceTree = "<group>"; };
		ABC424121BE3265500703518 /* mew_baseline.jpg */ = {isa = PBXFileReference; lastKnownFileType = image.jpeg; path = mew_baseline.jpg; sourceTree = "<group>"; };
		ABC424131BE3265500703518 /* mew_progressive.jpg */ = {isa = PBXFileReference; lastKnownFileType = image.jpeg; path = mew_progressive.jpg; sourceTree = "<group>"; };
		ABC424141BE3265500703518 /* mew_baseline.png */ = {isa = PBXFileReference; lastKnownFileType = image.png; path = mew_baseline.png; sourceTree = "<group>"; };
		ABC424151BE3265500703518 /* mew_interlaced.png */ = {isa = PBXFileReference; lastKnownFileType = image.png; path = mew_interlaced.png; sourceTree = "<group>"; };
		ABC424161BE3265500703518 /* mew_baseline.gif */ = {isa = PBXFileReference; lastKnownFileType = image.gif; path = mew_baseline.gif; sourceTree = "<group>"; };
		ABC424171BE3265500703518 /* mew_interlaced.gif */ = {isa = PBXFileReference; lastKnownFileType = image.gif; path = mew_interlaced.gif; sourceTree = "<group>"; };
		ABC424261BE3268800703518 /* UIView+YYAdd.h */ = {isa = PBXFileReference; fileEncoding = 4; lastKnownFileType = sourcecode.c.h; path = "UIView+YYAdd.h"; sourceTree = "<group>"; };
		ABC424271BE3268800703518 /* UIView+YYAdd.m */ = {isa = PBXFileReference; fileEncoding = 4; lastKnownFileType = sourcecode.c.objc; path = "UIView+YYAdd.m"; sourceTree = "<group>"; };
		ABC424281BE3268800703518 /* UIControl+YYAdd.h */ = {isa = PBXFileReference; fileEncoding = 4; lastKnownFileType = sourcecode.c.h; path = "UIControl+YYAdd.h"; sourceTree = "<group>"; };
		ABC424291BE3268800703518 /* UIControl+YYAdd.m */ = {isa = PBXFileReference; fileEncoding = 4; lastKnownFileType = sourcecode.c.objc; path = "UIControl+YYAdd.m"; sourceTree = "<group>"; };
		ABC4242A1BE3268800703518 /* UIGestureRecognizer+YYAdd.h */ = {isa = PBXFileReference; fileEncoding = 4; lastKnownFileType = sourcecode.c.h; path = "UIGestureRecognizer+YYAdd.h"; sourceTree = "<group>"; };
		ABC4242B1BE3268800703518 /* UIGestureRecognizer+YYAdd.m */ = {isa = PBXFileReference; fileEncoding = 4; lastKnownFileType = sourcecode.c.objc; path = "UIGestureRecognizer+YYAdd.m"; sourceTree = "<group>"; };
		ABC4242F1BE3284000703518 /* CALayer+YYAdd.h */ = {isa = PBXFileReference; fileEncoding = 4; lastKnownFileType = sourcecode.c.h; path = "CALayer+YYAdd.h"; sourceTree = "<group>"; };
		ABC424301BE3284000703518 /* CALayer+YYAdd.m */ = {isa = PBXFileReference; fileEncoding = 4; lastKnownFileType = sourcecode.c.objc; path = "CALayer+YYAdd.m"; sourceTree = "<group>"; };
/* End PBXFileReference section */

/* Begin PBXFrameworksBuildPhase section */
		ABC423861BE3244A00703518 /* Frameworks */ = {
			isa = PBXFrameworksBuildPhase;
			buildActionMask = 2147483647;
			files = (
				ABC423A61BE324E800703518 /* WebP.framework in Frameworks */,
				ABC423F21BE3255200703518 /* UIKit.framework in Frameworks */,
				ABC423F11BE3254C00703518 /* CoreFoundation.framework in Frameworks */,
				ABC423EF1BE3254400703518 /* ImageIO.framework in Frameworks */,
				ABC423ED1BE3253D00703518 /* QuartzCore.framework in Frameworks */,
				ABC423EB1BE3253800703518 /* AssetsLibrary.framework in Frameworks */,
				ABC423E91BE3253300703518 /* MobileCoreServices.framework in Frameworks */,
				ABC423E71BE3252D00703518 /* libz.tbd in Frameworks */,
				ABC423E51BE3252800703518 /* libsqlite3.tbd in Frameworks */,
			);
			runOnlyForDeploymentPostprocessing = 0;
		};
/* End PBXFrameworksBuildPhase section */

/* Begin PBXGroup section */
		ABC423801BE3244A00703518 = {
			isa = PBXGroup;
			children = (
				ABC423A51BE324E800703518 /* WebP.framework */,
				ABC423A71BE324F000703518 /* YYWebImage */,
				ABC4238B1BE3244A00703518 /* YYWebImageDemo */,
				ABC4238A1BE3244A00703518 /* Products */,
			);
			sourceTree = "<group>";
		};
		ABC4238A1BE3244A00703518 /* Products */ = {
			isa = PBXGroup;
			children = (
				ABC423891BE3244A00703518 /* YYWebImageDemo.app */,
			);
			name = Products;
			sourceTree = "<group>";
		};
		ABC4238B1BE3244A00703518 /* YYWebImageDemo */ = {
			isa = PBXGroup;
			children = (
				ABC423F31BE325EF00703518 /* YYImageExample.h */,
				ABC423F41BE325EF00703518 /* YYImageExample.m */,
				ABC423F51BE325EF00703518 /* YYImageDisplayExample.h */,
				ABC423F61BE325EF00703518 /* YYImageDisplayExample.m */,
				ABC423F71BE325EF00703518 /* YYImageProgressiveExample.h */,
				ABC423F81BE325EF00703518 /* YYImageProgressiveExample.m */,
				ABC423F91BE325EF00703518 /* YYWebImageExample.h */,
				ABC423FA1BE325EF00703518 /* YYWebImageExample.m */,
				ABC423FD1BE325EF00703518 /* YYImageExampleHelper.h */,
				ABC423FE1BE325EF00703518 /* YYImageExampleHelper.m */,
				ABC424091BE3264600703518 /* Resources */,
				ABC424081BE3262E00703518 /* Not available */,
				ABC4238C1BE3244A00703518 /* Supporting Files */,
			);
			path = YYWebImageDemo;
			sourceTree = "<group>";
		};
		ABC4238C1BE3244A00703518 /* Supporting Files */ = {
			isa = PBXGroup;
			children = (
				ABC4238F1BE3244A00703518 /* AppDelegate.h */,
				ABC423901BE3244A00703518 /* AppDelegate.m */,
				ABC423921BE3244A00703518 /* ViewController.h */,
				ABC423931BE3244A00703518 /* ViewController.m */,
				ABC424261BE3268800703518 /* UIView+YYAdd.h */,
				ABC424271BE3268800703518 /* UIView+YYAdd.m */,
				ABC4242F1BE3284000703518 /* CALayer+YYAdd.h */,
				ABC424301BE3284000703518 /* CALayer+YYAdd.m */,
				ABC424281BE3268800703518 /* UIControl+YYAdd.h */,
				ABC424291BE3268800703518 /* UIControl+YYAdd.m */,
				ABC4242A1BE3268800703518 /* UIGestureRecognizer+YYAdd.h */,
				ABC4242B1BE3268800703518 /* UIGestureRecognizer+YYAdd.m */,
				ABC423F01BE3254C00703518 /* CoreFoundation.framework */,
				ABC423EE1BE3254400703518 /* ImageIO.framework */,
				ABC423EC1BE3253D00703518 /* QuartzCore.framework */,
				ABC423EA1BE3253800703518 /* AssetsLibrary.framework */,
				ABC423E81BE3253300703518 /* MobileCoreServices.framework */,
				ABC423E61BE3252D00703518 /* libz.tbd */,
				ABC423E41BE3252800703518 /* libsqlite3.tbd */,
				ABC423E21BE3251C00703518 /* UIKit.framework */,
				ABC423951BE3244A00703518 /* Main.storyboard */,
				ABC423981BE3244A00703518 /* Assets.xcassets */,
				ABC4239A1BE3244A00703518 /* LaunchScreen.storyboard */,
				ABC4239D1BE3244A00703518 /* Info.plist */,
				ABC4238D1BE3244A00703518 /* main.m */,
			);
			name = "Supporting Files";
			sourceTree = "<group>";
		};
		ABC423A71BE324F000703518 /* YYWebImage */ = {
			isa = PBXGroup;
			children = (
				ABC423A81BE324F000703518 /* Cache */,
				ABC423BE1BE324F000703518 /* Image */,
				ABC423B11BE324F000703518 /* Categories */,
				ABC423C91BE324F000703518 /* YYImageCache.h */,
				ABC423CA1BE324F000703518 /* YYImageCache.m */,
				ABC423CC1BE324F000703518 /* YYWebImageManager.h */,
				ABC423CD1BE324F000703518 /* YYWebImageManager.m */,
				ABC423CE1BE324F000703518 /* YYWebImageOperation.h */,
				ABC423CF1BE324F000703518 /* YYWebImageOperation.m */,
				ABC423CB1BE324F000703518 /* YYWebImage.h */,
			);
			name = YYWebImage;
			path = ../YYWebImage;
			sourceTree = "<group>";
		};
		ABC423A81BE324F000703518 /* Cache */ = {
			isa = PBXGroup;
			children = (
				ABC423A91BE324F000703518 /* YYCache.h */,
				ABC423AA1BE324F000703518 /* YYCache.m */,
				ABC423AB1BE324F000703518 /* YYDiskCache.h */,
				ABC423AC1BE324F000703518 /* YYDiskCache.m */,
				ABC423AD1BE324F000703518 /* YYKVStorage.h */,
				ABC423AE1BE324F000703518 /* YYKVStorage.m */,
				ABC423AF1BE324F000703518 /* YYMemoryCache.h */,
				ABC423B01BE324F000703518 /* YYMemoryCache.m */,
			);
			path = Cache;
			sourceTree = "<group>";
		};
		ABC423B11BE324F000703518 /* Categories */ = {
			isa = PBXGroup;
			children = (
				ABC423B21BE324F000703518 /* _YYWebImageSetter.h */,
				ABC423B31BE324F000703518 /* _YYWebImageSetter.m */,
				ABC423B41BE324F000703518 /* CALayer+YYWebImage.h */,
				ABC423B51BE324F000703518 /* CALayer+YYWebImage.m */,
				ABC423B61BE324F000703518 /* MKAnnotationView+YYWebImage.h */,
				ABC423B71BE324F000703518 /* MKAnnotationView+YYWebImage.m */,
				ABC423B81BE324F000703518 /* UIButton+YYWebImage.h */,
				ABC423B91BE324F000703518 /* UIButton+YYWebImage.m */,
				ABC423BA1BE324F000703518 /* UIImage+YYWebImage.h */,
				ABC423BB1BE324F000703518 /* UIImage+YYWebImage.m */,
				ABC423BC1BE324F000703518 /* UIImageView+YYWebImage.h */,
				ABC423BD1BE324F000703518 /* UIImageView+YYWebImage.m */,
			);
			path = Categories;
			sourceTree = "<group>";
		};
		ABC423BE1BE324F000703518 /* Image */ = {
			isa = PBXGroup;
			children = (
				ABC423BF1BE324F000703518 /* YYAnimatedImageView.h */,
				ABC423C01BE324F000703518 /* YYAnimatedImageView.m */,
				ABC423C11BE324F000703518 /* YYFrameImage.h */,
				ABC423C21BE324F000703518 /* YYFrameImage.m */,
				ABC423C31BE324F000703518 /* YYImage.h */,
				ABC423C41BE324F000703518 /* YYImage.m */,
				ABC423C51BE324F000703518 /* YYImageCoder.h */,
				ABC423C61BE324F000703518 /* YYImageCoder.m */,
				ABC423C71BE324F000703518 /* YYSpriteSheetImage.h */,
				ABC423C81BE324F000703518 /* YYSpriteSheetImage.m */,
			);
			path = Image;
			sourceTree = "<group>";
		};
		ABC424081BE3262E00703518 /* Not available */ = {
			isa = PBXGroup;
			children = (
				ABC423FB1BE325EF00703518 /* YYImageBenchmark.h */,
				ABC423FC1BE325EF00703518 /* YYImageBenchmark.m */,
				ABC423FF1BE325EF00703518 /* YYBPGCoder.h */,
				ABC424001BE325EF00703518 /* YYBPGCoder.m */,
			);
			name = "Not available";
			sourceTree = "<group>";
		};
		ABC424091BE3264600703518 /* Resources */ = {
			isa = PBXGroup;
			children = (
				ABC4240A1BE3265500703518 /* ResourceTwitter.bundle */,
				ABC4240B1BE3265500703518 /* EmoticonWeibo.bundle */,
				ABC4240C1BE3265500703518 /* niconiconi@2x.gif */,
				ABC4240D1BE3265500703518 /* google@2x.webp */,
				ABC4240E1BE3265500703518 /* nyancat@2x.webp */,
				ABC4240F1BE3265500703518 /* pia@2x.png */,
				ABC424101BE3265500703518 /* cube@2x.png */,
				ABC424111BE3265500703518 /* wall-e@2x.webp */,
				ABC424121BE3265500703518 /* mew_baseline.jpg */,
				ABC424131BE3265500703518 /* mew_progressive.jpg */,
				ABC424141BE3265500703518 /* mew_baseline.png */,
				ABC424151BE3265500703518 /* mew_interlaced.png */,
				ABC424161BE3265500703518 /* mew_baseline.gif */,
				ABC424171BE3265500703518 /* mew_interlaced.gif */,
			);
			name = Resources;
			sourceTree = "<group>";
		};
/* End PBXGroup section */

/* Begin PBXNativeTarget section */
		ABC423881BE3244A00703518 /* YYWebImageDemo */ = {
			isa = PBXNativeTarget;
			buildConfigurationList = ABC423A01BE3244A00703518 /* Build configuration list for PBXNativeTarget "YYWebImageDemo" */;
			buildPhases = (
				ABC423851BE3244A00703518 /* Sources */,
				ABC423861BE3244A00703518 /* Frameworks */,
				ABC423871BE3244A00703518 /* Resources */,
			);
			buildRules = (
			);
			dependencies = (
			);
			name = YYWebImageDemo;
			productName = YYWebImageDemo;
			productReference = ABC423891BE3244A00703518 /* YYWebImageDemo.app */;
			productType = "com.apple.product-type.application";
		};
/* End PBXNativeTarget section */

/* Begin PBXProject section */
		ABC423811BE3244A00703518 /* Project object */ = {
			isa = PBXProject;
			attributes = {
				LastUpgradeCheck = 0710;
				ORGANIZATIONNAME = ibireme;
				TargetAttributes = {
					ABC423881BE3244A00703518 = {
						CreatedOnToolsVersion = 7.1;
					};
				};
			};
			buildConfigurationList = ABC423841BE3244A00703518 /* Build configuration list for PBXProject "YYWebImageDemo" */;
			compatibilityVersion = "Xcode 3.2";
			developmentRegion = English;
			hasScannedForEncodings = 0;
			knownRegions = (
				en,
				Base,
			);
			mainGroup = ABC423801BE3244A00703518;
			productRefGroup = ABC4238A1BE3244A00703518 /* Products */;
			projectDirPath = "";
			projectRoot = "";
			targets = (
				ABC423881BE3244A00703518 /* YYWebImageDemo */,
			);
		};
/* End PBXProject section */

/* Begin PBXResourcesBuildPhase section */
		ABC423871BE3244A00703518 /* Resources */ = {
			isa = PBXResourcesBuildPhase;
			buildActionMask = 2147483647;
			files = (
				ABC4241D1BE3265500703518 /* pia@2x.png in Resources */,
				ABC4239C1BE3244A00703518 /* LaunchScreen.storyboard in Resources */,
				ABC424181BE3265500703518 /* ResourceTwitter.bundle in Resources */,
				ABC4241B1BE3265500703518 /* google@2x.webp in Resources */,
				ABC4241C1BE3265500703518 /* nyancat@2x.webp in Resources */,
				ABC4241F1BE3265500703518 /* wall-e@2x.webp in Resources */,
				ABC424251BE3265500703518 /* mew_interlaced.gif in Resources */,
				ABC424211BE3265500703518 /* mew_progressive.jpg in Resources */,
				ABC424231BE3265500703518 /* mew_interlaced.png in Resources */,
				ABC4241A1BE3265500703518 /* niconiconi@2x.gif in Resources */,
				ABC424221BE3265500703518 /* mew_baseline.png in Resources */,
				ABC423991BE3244A00703518 /* Assets.xcassets in Resources */,
				ABC423971BE3244A00703518 /* Main.storyboard in Resources */,
				ABC424191BE3265500703518 /* EmoticonWeibo.bundle in Resources */,
				ABC424201BE3265500703518 /* mew_baseline.jpg in Resources */,
				ABC4241E1BE3265500703518 /* cube@2x.png in Resources */,
				ABC424241BE3265500703518 /* mew_baseline.gif in Resources */,
			);
			runOnlyForDeploymentPostprocessing = 0;
		};
/* End PBXResourcesBuildPhase section */

/* Begin PBXSourcesBuildPhase section */
		ABC423851BE3244A00703518 /* Sources */ = {
			isa = PBXSourcesBuildPhase;
			buildActionMask = 2147483647;
			files = (
				ABC424031BE325EF00703518 /* YYImageProgressiveExample.m in Sources */,
				ABC424021BE325EF00703518 /* YYImageDisplayExample.m in Sources */,
				ABC4242E1BE3268800703518 /* UIGestureRecognizer+YYAdd.m in Sources */,
				ABC423D91BE324F000703518 /* UIImageView+YYWebImage.m in Sources */,
				ABC423D21BE324F000703518 /* YYKVStorage.m in Sources */,
				ABC424061BE325EF00703518 /* YYImageExampleHelper.m in Sources */,
				ABC423941BE3244A00703518 /* ViewController.m in Sources */,
				ABC423911BE3244A00703518 /* AppDelegate.m in Sources */,
				ABC424011BE325EF00703518 /* YYImageExample.m in Sources */,
				ABC423D11BE324F000703518 /* YYDiskCache.m in Sources */,
				ABC423DD1BE324F000703518 /* YYImageCoder.m in Sources */,
				ABC423DF1BE324F000703518 /* YYImageCache.m in Sources */,
				ABC423D01BE324F000703518 /* YYCache.m in Sources */,
				ABC423E01BE324F000703518 /* YYWebImageManager.m in Sources */,
				ABC423DB1BE324F000703518 /* YYFrameImage.m in Sources */,
				ABC4242D1BE3268800703518 /* UIControl+YYAdd.m in Sources */,
				ABC423D31BE324F000703518 /* YYMemoryCache.m in Sources */,
				ABC4238E1BE3244A00703518 /* main.m in Sources */,
				ABC423DC1BE324F000703518 /* YYImage.m in Sources */,
				ABC423E11BE324F000703518 /* YYWebImageOperation.m in Sources */,
				ABC424041BE325EF00703518 /* YYWebImageExample.m in Sources */,
				ABC423D41BE324F000703518 /* _YYWebImageSetter.m in Sources */,
				ABC423DE1BE324F000703518 /* YYSpriteSheetImage.m in Sources */,
				ABC424311BE3284000703518 /* CALayer+YYAdd.m in Sources */,
				ABC423DA1BE324F000703518 /* YYAnimatedImageView.m in Sources */,
				ABC423D61BE324F000703518 /* MKAnnotationView+YYWebImage.m in Sources */,
				ABC4242C1BE3268800703518 /* UIView+YYAdd.m in Sources */,
				ABC423D51BE324F000703518 /* CALayer+YYWebImage.m in Sources */,
				ABC423D81BE324F000703518 /* UIImage+YYWebImage.m in Sources */,
				ABC423D71BE324F000703518 /* UIButton+YYWebImage.m in Sources */,
			);
			runOnlyForDeploymentPostprocessing = 0;
		};
/* End PBXSourcesBuildPhase section */

/* Begin PBXVariantGroup section */
		ABC423951BE3244A00703518 /* Main.storyboard */ = {
			isa = PBXVariantGroup;
			children = (
				ABC423961BE3244A00703518 /* Base */,
			);
			name = Main.storyboard;
			sourceTree = "<group>";
		};
		ABC4239A1BE3244A00703518 /* LaunchScreen.storyboard */ = {
			isa = PBXVariantGroup;
			children = (
				ABC4239B1BE3244A00703518 /* Base */,
			);
			name = LaunchScreen.storyboard;
			sourceTree = "<group>";
		};
/* End PBXVariantGroup section */

/* Begin XCBuildConfiguration section */
		ABC4239E1BE3244A00703518 /* Debug */ = {
			isa = XCBuildConfiguration;
			buildSettings = {
				ALWAYS_SEARCH_USER_PATHS = NO;
				CLANG_CXX_LANGUAGE_STANDARD = "gnu++0x";
				CLANG_CXX_LIBRARY = "libc++";
				CLANG_ENABLE_MODULES = YES;
				CLANG_ENABLE_OBJC_ARC = YES;
				CLANG_WARN_BOOL_CONVERSION = YES;
				CLANG_WARN_CONSTANT_CONVERSION = YES;
				CLANG_WARN_DIRECT_OBJC_ISA_USAGE = YES_ERROR;
				CLANG_WARN_EMPTY_BODY = YES;
				CLANG_WARN_ENUM_CONVERSION = YES;
				CLANG_WARN_INT_CONVERSION = YES;
				CLANG_WARN_OBJC_ROOT_CLASS = YES_ERROR;
				CLANG_WARN_UNREACHABLE_CODE = YES;
				CLANG_WARN__DUPLICATE_METHOD_MATCH = YES;
				"CODE_SIGN_IDENTITY[sdk=iphoneos*]" = "iPhone Developer";
				COPY_PHASE_STRIP = NO;
				DEBUG_INFORMATION_FORMAT = dwarf;
				ENABLE_STRICT_OBJC_MSGSEND = YES;
				ENABLE_TESTABILITY = YES;
				GCC_C_LANGUAGE_STANDARD = gnu99;
				GCC_DYNAMIC_NO_PIC = NO;
				GCC_NO_COMMON_BLOCKS = YES;
				GCC_OPTIMIZATION_LEVEL = 0;
				GCC_PREPROCESSOR_DEFINITIONS = (
					"DEBUG=1",
					"$(inherited)",
				);
				GCC_WARN_64_TO_32_BIT_CONVERSION = YES;
				GCC_WARN_ABOUT_RETURN_TYPE = YES_ERROR;
				GCC_WARN_UNDECLARED_SELECTOR = YES;
				GCC_WARN_UNINITIALIZED_AUTOS = YES_AGGRESSIVE;
				GCC_WARN_UNUSED_FUNCTION = YES;
				GCC_WARN_UNUSED_VARIABLE = YES;
				IPHONEOS_DEPLOYMENT_TARGET = 9.1;
				MTL_ENABLE_DEBUG_INFO = YES;
				ONLY_ACTIVE_ARCH = YES;
				SDKROOT = iphoneos;
			};
			name = Debug;
		};
		ABC4239F1BE3244A00703518 /* Release */ = {
			isa = XCBuildConfiguration;
			buildSettings = {
				ALWAYS_SEARCH_USER_PATHS = NO;
				CLANG_CXX_LANGUAGE_STANDARD = "gnu++0x";
				CLANG_CXX_LIBRARY = "libc++";
				CLANG_ENABLE_MODULES = YES;
				CLANG_ENABLE_OBJC_ARC = YES;
				CLANG_WARN_BOOL_CONVERSION = YES;
				CLANG_WARN_CONSTANT_CONVERSION = YES;
				CLANG_WARN_DIRECT_OBJC_ISA_USAGE = YES_ERROR;
				CLANG_WARN_EMPTY_BODY = YES;
				CLANG_WARN_ENUM_CONVERSION = YES;
				CLANG_WARN_INT_CONVERSION = YES;
				CLANG_WARN_OBJC_ROOT_CLASS = YES_ERROR;
				CLANG_WARN_UNREACHABLE_CODE = YES;
				CLANG_WARN__DUPLICATE_METHOD_MATCH = YES;
				"CODE_SIGN_IDENTITY[sdk=iphoneos*]" = "iPhone Developer";
				COPY_PHASE_STRIP = NO;
				DEBUG_INFORMATION_FORMAT = "dwarf-with-dsym";
				ENABLE_NS_ASSERTIONS = NO;
				ENABLE_STRICT_OBJC_MSGSEND = YES;
				GCC_C_LANGUAGE_STANDARD = gnu99;
				GCC_NO_COMMON_BLOCKS = YES;
				GCC_WARN_64_TO_32_BIT_CONVERSION = YES;
				GCC_WARN_ABOUT_RETURN_TYPE = YES_ERROR;
				GCC_WARN_UNDECLARED_SELECTOR = YES;
				GCC_WARN_UNINITIALIZED_AUTOS = YES_AGGRESSIVE;
				GCC_WARN_UNUSED_FUNCTION = YES;
				GCC_WARN_UNUSED_VARIABLE = YES;
				IPHONEOS_DEPLOYMENT_TARGET = 9.1;
				MTL_ENABLE_DEBUG_INFO = NO;
				SDKROOT = iphoneos;
				VALIDATE_PRODUCT = YES;
			};
			name = Release;
		};
		ABC423A11BE3244A00703518 /* Debug */ = {
			isa = XCBuildConfiguration;
			buildSettings = {
				ASSETCATALOG_COMPILER_APPICON_NAME = AppIcon;
				COMPRESS_PNG_FILES = NO;
				FRAMEWORK_SEARCH_PATHS = "\"$(SRCROOT)/../Vendor\"";
				INFOPLIST_FILE = YYWebImageDemo/Info.plist;
				IPHONEOS_DEPLOYMENT_TARGET = 8.0;
				LD_RUNPATH_SEARCH_PATHS = "$(inherited) @executable_path/Frameworks";
				PRODUCT_BUNDLE_IDENTIFIER = com.ibireme.YYWebImageDemo;
				PRODUCT_NAME = "$(TARGET_NAME)";
				STRIP_PNG_TEXT = NO;
			};
			name = Debug;
		};
		ABC423A21BE3244A00703518 /* Release */ = {
			isa = XCBuildConfiguration;
			buildSettings = {
				ASSETCATALOG_COMPILER_APPICON_NAME = AppIcon;
				COMPRESS_PNG_FILES = NO;
				FRAMEWORK_SEARCH_PATHS = "\"$(SRCROOT)/../Vendor\"";
				INFOPLIST_FILE = YYWebImageDemo/Info.plist;
				IPHONEOS_DEPLOYMENT_TARGET = 8.0;
				LD_RUNPATH_SEARCH_PATHS = "$(inherited) @executable_path/Frameworks";
				PRODUCT_BUNDLE_IDENTIFIER = com.ibireme.YYWebImageDemo;
				PRODUCT_NAME = "$(TARGET_NAME)";
				STRIP_PNG_TEXT = NO;
			};
			name = Release;
		};
/* End XCBuildConfiguration section */

/* Begin XCConfigurationList section */
		ABC423841BE3244A00703518 /* Build configuration list for PBXProject "YYWebImageDemo" */ = {
			isa = XCConfigurationList;
			buildConfigurations = (
				ABC4239E1BE3244A00703518 /* Debug */,
				ABC4239F1BE3244A00703518 /* Release */,
			);
			defaultConfigurationIsVisible = 0;
			defaultConfigurationName = Release;
		};
		ABC423A01BE3244A00703518 /* Build configuration list for PBXNativeTarget "YYWebImageDemo" */ = {
			isa = XCConfigurationList;
			buildConfigurations = (
				ABC423A11BE3244A00703518 /* Debug */,
				ABC423A21BE3244A00703518 /* Release */,
			);
			defaultConfigurationIsVisible = 0;
			defaultConfigurationName = Release;
		};
/* End XCConfigurationList section */
	};
	rootObject = ABC423811BE3244A00703518 /* Project object */;
}
